<?xml version="1.0" encoding="utf-8"?>
<Project ToolsVersion="4.0" xmlns="http://schemas.microsoft.com/developer/msbuild/2003">
  <ItemGroup>
    <Filter Include="ソース ファイル">
      <UniqueIdentifier>{4FC737F1-C7A5-4376-A066-2A32D752A2FF}</UniqueIdentifier>
      <Extensions>cpp;c;cc;cxx;c++;cppm;ixx;def;odl;idl;hpj;bat;asm;asmx</Extensions>
    </Filter>
    <Filter Include="ヘッダー ファイル">
      <UniqueIdentifier>{93995380-89BD-4b04-88EB-625FBE52EBFB}</UniqueIdentifier>
      <Extensions>h;hh;hpp;hxx;h++;hm;inl;inc;ipp;xsd</Extensions>
    </Filter>
    <Filter Include="ソース ファイル\Application">
      <UniqueIdentifier>{135a9d3a-e535-484a-9214-cafdb71ad97a}</UniqueIdentifier>
    </Filter>
    <Filter Include="ヘッダー ファイル\Application">
      <UniqueIdentifier>{85fecbe9-66b6-43e7-9947-f0e896936592}</UniqueIdentifier>
    </Filter>
    <Filter Include="ソース ファイル\Mode">
      <UniqueIdentifier>{51ba210e-3416-41f5-bf89-abe9dbc13a30}</UniqueIdentifier>
    </Filter>
    <Filter Include="ヘッダー ファイル\Mode">
      <UniqueIdentifier>{4d1bb407-2add-4696-aabb-dca839e6480b}</UniqueIdentifier>
    </Filter>
    <Filter Include="ソース ファイル\Score">
      <UniqueIdentifier>{9a2b84b9-b1d5-4111-b0c9-c95182dd0f59}</UniqueIdentifier>
    </Filter>
    <Filter Include="ヘッダー ファイル\Score">
      <UniqueIdentifier>{b2eb4cde-cf0b-4cfd-8249-7fd667665cb6}</UniqueIdentifier>
    </Filter>
    <Filter Include="ソース ファイル\Object">
      <UniqueIdentifier>{9e1ce7c4-e4d7-4d5f-9afd-940ba74a941a}</UniqueIdentifier>
    </Filter>
    <Filter Include="ヘッダー ファイル\Object">
      <UniqueIdentifier>{9cc7ae8e-3db1-4639-b930-e78ef0cdf180}</UniqueIdentifier>
    </Filter>
    <Filter Include="ヘッダー ファイル\ModelAnim">
      <UniqueIdentifier>{31d9f7da-f792-4fc4-a84a-d28fccf2674c}</UniqueIdentifier>
    </Filter>
    <Filter Include="ソース ファイル\ModelAnim">
      <UniqueIdentifier>{19d899ce-78e5-46e3-ae90-413fb29a37b5}</UniqueIdentifier>
    </Filter>
    <Filter Include="ヘッダー ファイル\Enemy">
      <UniqueIdentifier>{fd7e038f-525a-4c70-83d7-c51489c88fa4}</UniqueIdentifier>
    </Filter>
    <Filter Include="ソース ファイル\Enemy">
      <UniqueIdentifier>{e1696e89-7a5d-4f05-906e-8164078c2bc4}</UniqueIdentifier>
    </Filter>
    <Filter Include="ヘッダー ファイル\Effect">
      <UniqueIdentifier>{1c1edf5a-b91f-4ddb-b9c5-ee088b719bd4}</UniqueIdentifier>
    </Filter>
    <Filter Include="ソース ファイル\Effect">
      <UniqueIdentifier>{66406a47-7fbe-4134-a460-9ef23310ff5a}</UniqueIdentifier>
    </Filter>
    <Filter Include="ソース ファイル\Gauge">
      <UniqueIdentifier>{7627c399-50f3-44e0-a28c-ba77eb72cf50}</UniqueIdentifier>
    </Filter>
    <Filter Include="ヘッダー ファイル\Gauge">
      <UniqueIdentifier>{af9b6bd6-cd7f-4e7d-8fec-afdd6ca5da9a}</UniqueIdentifier>
    </Filter>
    <Filter Include="ヘッダー ファイル\Object\Spawn">
      <UniqueIdentifier>{f1646211-8a0e-49ed-a586-773192a095d6}</UniqueIdentifier>
    </Filter>
    <Filter Include="ソース ファイル\Object\Spawn">
      <UniqueIdentifier>{94a475f6-a796-4cbb-bd90-b26a15e7b214}</UniqueIdentifier>
    </Filter>
    <Filter Include="ヘッダー ファイル\Object\Collision">
      <UniqueIdentifier>{72674d2d-2ba2-4b61-bd68-0f0237ed10b2}</UniqueIdentifier>
    </Filter>
    <Filter Include="ソース ファイル\Object\Collision">
      <UniqueIdentifier>{e2cdb3d1-df9f-4197-92ea-623e0a2b77cf}</UniqueIdentifier>
    </Filter>
    <Filter Include="ソース ファイル\Object\Player">
      <UniqueIdentifier>{58b09ebf-581b-4a16-b1cd-e97ea164ee8f}</UniqueIdentifier>
    </Filter>
    <Filter Include="ヘッダー ファイル\Object\Player">
      <UniqueIdentifier>{f67a62f6-a940-4c2a-b855-27c2868b1209}</UniqueIdentifier>
    </Filter>
    <Filter Include="ヘッダー ファイル\Object\Wire">
      <UniqueIdentifier>{4ad71435-711a-4844-a3a0-1e0ebcd85ab9}</UniqueIdentifier>
    </Filter>
    <Filter Include="ソース ファイル\Object\Wire">
      <UniqueIdentifier>{b000dd62-374d-45a3-bb0a-98b5fd1ce21b}</UniqueIdentifier>
    </Filter>
    <Filter Include="ヘッダー ファイル\Object\Player\Attack">
      <UniqueIdentifier>{68507ea7-35de-48e3-aeef-b7f3f96be202}</UniqueIdentifier>
    </Filter>
    <Filter Include="ソース ファイル\Object\Player\Attack">
      <UniqueIdentifier>{42ab67ed-e027-4484-85de-c08dac454106}</UniqueIdentifier>
    </Filter>
    <Filter Include="ヘッダー ファイル\Stage">
      <UniqueIdentifier>{94031c45-6068-45f7-946b-f83e3fdfd4fd}</UniqueIdentifier>
    </Filter>
    <Filter Include="ソース ファイル\Stage">
      <UniqueIdentifier>{888bbbb8-cb65-463c-8181-2e8c4e394ec3}</UniqueIdentifier>
    </Filter>
    <Filter Include="ソース ファイル\Primitive">
      <UniqueIdentifier>{beaf3f7c-56d7-4077-94ee-19bb8bd0130d}</UniqueIdentifier>
    </Filter>
    <Filter Include="ヘッダー ファイル\Primitive">
      <UniqueIdentifier>{7bedbbd5-c42a-44fd-b499-409db4a8d525}</UniqueIdentifier>
    </Filter>
    <Filter Include="ヘッダー ファイル\Object\Interior">
      <UniqueIdentifier>{8e2b3081-9231-404f-9e01-6be0e76cc4f7}</UniqueIdentifier>
    </Filter>
    <Filter Include="ソース ファイル\Object\Interior">
      <UniqueIdentifier>{a253feb1-b2f6-46c6-b5fa-bc70919366a9}</UniqueIdentifier>
    </Filter>
    <Filter Include="ソース ファイル\Camera">
      <UniqueIdentifier>{7e11cc74-e004-448b-9056-aabb30d1af51}</UniqueIdentifier>
    </Filter>
    <Filter Include="ヘッダー ファイル\Camera">
      <UniqueIdentifier>{80aa6526-8417-4724-b9db-7de0bc53a4cb}</UniqueIdentifier>
    </Filter>
    <Filter Include="ヘッダー ファイル\Object\Player\Component">
      <UniqueIdentifier>{ebce602d-ffc8-422d-8196-22f0cabee060}</UniqueIdentifier>
    </Filter>
    <Filter Include="ソース ファイル\Object\Player\Component">
      <UniqueIdentifier>{26e46269-b75a-482b-8296-d00967c0a962}</UniqueIdentifier>
    </Filter>
    <Filter Include="ソース ファイル\Light">
      <UniqueIdentifier>{c09aac58-c13a-4ada-906d-a815e1c24d8d}</UniqueIdentifier>
    </Filter>
    <Filter Include="ソース ファイル\Shadow">
      <UniqueIdentifier>{f3e1b683-ba4a-4adc-8e64-197332f0c687}</UniqueIdentifier>
    </Filter>
    <Filter Include="ヘッダー ファイル\Light">
      <UniqueIdentifier>{5fc397e1-9114-4ce3-8917-75a47163a9e0}</UniqueIdentifier>
    </Filter>
    <Filter Include="ヘッダー ファイル\Shadow">
      <UniqueIdentifier>{47d2cfc9-30bb-4935-9d0f-b4d60922f9c1}</UniqueIdentifier>
    </Filter>
    <Filter Include="ヘッダー ファイル\Effect\Enemy">
      <UniqueIdentifier>{4cc74f7d-34d5-4cd2-870f-ce76df8d5250}</UniqueIdentifier>
    </Filter>
    <Filter Include="ヘッダー ファイル\Effect\Player">
      <UniqueIdentifier>{a978c6ea-5ac5-4141-b9ea-b11e2e76f3d1}</UniqueIdentifier>
    </Filter>
    <Filter Include="ヘッダー ファイル\Effect\Stage">
      <UniqueIdentifier>{e76cc390-5f09-49bc-ac6f-7947df85a32b}</UniqueIdentifier>
    </Filter>
    <Filter Include="ソース ファイル\Effect\Enemy">
      <UniqueIdentifier>{71ace7d0-f4f8-4c5d-aec4-8f673d6e304b}</UniqueIdentifier>
    </Filter>
    <Filter Include="ソース ファイル\Effect\Player">
      <UniqueIdentifier>{cb33f61a-6631-4be1-ac3f-2f226fdcfb2b}</UniqueIdentifier>
    </Filter>
    <Filter Include="ソース ファイル\Effect\Stage">
      <UniqueIdentifier>{40be94e7-dfe6-4cdc-9e6e-62086c55510b}</UniqueIdentifier>
    </Filter>
    <Filter Include="ヘッダー ファイル\Effect\Player\AirWeakAttack">
      <UniqueIdentifier>{b3be0da8-7ddd-4dcf-8928-9d7124268cec}</UniqueIdentifier>
    </Filter>
    <Filter Include="ヘッダー ファイル\Effect\Player\AirHeavyAttack">
      <UniqueIdentifier>{671f924b-cabb-4598-8c68-b58965dbc959}</UniqueIdentifier>
    </Filter>
    <Filter Include="ヘッダー ファイル\Effect\Player\HeavyAttack">
      <UniqueIdentifier>{b1050db6-eac2-48ef-9ed6-4d8d45e3885f}</UniqueIdentifier>
    </Filter>
    <Filter Include="ヘッダー ファイル\Effect\Player\WeakAttack">
      <UniqueIdentifier>{e89b7b94-a5ca-406e-bc06-0985aae89917}</UniqueIdentifier>
    </Filter>
    <Filter Include="ヘッダー ファイル\Effect\Player\Ult">
      <UniqueIdentifier>{209a0de0-b108-402c-89f2-b5eb0697baa0}</UniqueIdentifier>
    </Filter>
    <Filter Include="ヘッダー ファイル\Effect\Enemy\Boss">
      <UniqueIdentifier>{473b71eb-d996-47c7-91fa-f6e1e259eaf0}</UniqueIdentifier>
    </Filter>
    <Filter Include="ソース ファイル\Effect\Enemy\Boss">
      <UniqueIdentifier>{257c2817-fc56-43bc-9502-826bbe942d5f}</UniqueIdentifier>
    </Filter>
    <Filter Include="ソース ファイル\Effect\Player\AirHeavyAttack">
      <UniqueIdentifier>{bb1ddc51-918c-4f30-801b-dd88da9b4a94}</UniqueIdentifier>
    </Filter>
    <Filter Include="ソース ファイル\Effect\Player\AirWeakAttack">
      <UniqueIdentifier>{fd19677d-8626-4750-86dc-72b53fccea7d}</UniqueIdentifier>
    </Filter>
    <Filter Include="ソース ファイル\Effect\Player\HeavyAttack">
      <UniqueIdentifier>{48f2eed5-0650-47b6-af11-c9d85a7891a1}</UniqueIdentifier>
    </Filter>
    <Filter Include="ソース ファイル\Effect\Player\WeakAttack">
      <UniqueIdentifier>{1c816035-88ff-4fe7-84c8-6c3bfd83854f}</UniqueIdentifier>
    </Filter>
    <Filter Include="ソース ファイル\Effect\Player\Ult">
      <UniqueIdentifier>{369add95-efa5-47df-baf0-2b82a27c0363}</UniqueIdentifier>
    </Filter>
  </ItemGroup>
  <ItemGroup>
    <ClCompile Include="source\ApplicationMain.cpp">
      <Filter>ソース ファイル\Application</Filter>
    </ClCompile>
    <ClCompile Include="source\ModeGame.cpp">
      <Filter>ソース ファイル\Mode</Filter>
    </ClCompile>
    <ClCompile Include="source\ScoreBase.cpp">
      <Filter>ソース ファイル\Score</Filter>
    </ClCompile>
    <ClCompile Include="source\ScoreServer.cpp">
      <Filter>ソース ファイル\Score</Filter>
    </ClCompile>
    <ClCompile Include="source\ScoreSystem.cpp">
      <Filter>ソース ファイル\Score</Filter>
    </ClCompile>
    <ClCompile Include="source\ScoreBonus.cpp">
      <Filter>ソース ファイル\Score</Filter>
    </ClCompile>
    <ClCompile Include="source\ObjectBase.cpp">
      <Filter>ソース ファイル\Object</Filter>
    </ClCompile>
    <ClCompile Include="source\UtilityDX.cpp">
      <Filter>ソース ファイル\Application</Filter>
    </ClCompile>
    <ClCompile Include="source\ObjectServer.cpp">
      <Filter>ソース ファイル\Object</Filter>
    </ClCompile>
    <ClCompile Include="source\GaugeBase.cpp">
      <Filter>ソース ファイル\Gauge</Filter>
    </ClCompile>
    <ClCompile Include="source\GaugeHP.cpp">
      <Filter>ソース ファイル\Gauge</Filter>
    </ClCompile>
    <ClCompile Include="source\GaugeTrick.cpp">
      <Filter>ソース ファイル\Gauge</Filter>
    </ClCompile>
    <ClCompile Include="source\SpawnBase.cpp">
      <Filter>ソース ファイル\Object\Spawn</Filter>
    </ClCompile>
    <ClCompile Include="source\SpawnServer.cpp">
      <Filter>ソース ファイル\Object\Spawn</Filter>
    </ClCompile>
    <ClCompile Include="source\SpawnEnemy.cpp">
      <Filter>ソース ファイル\Object\Spawn</Filter>
    </ClCompile>
    <ClCompile Include="source\CollisionBase.cpp">
      <Filter>ソース ファイル\Object\Collision</Filter>
    </ClCompile>
    <ClCompile Include="source\CollisionCapsule.cpp">
      <Filter>ソース ファイル\Object\Collision</Filter>
    </ClCompile>
    <ClCompile Include="source\CollisionSphere.cpp">
      <Filter>ソース ファイル\Object\Collision</Filter>
    </ClCompile>
    <ClCompile Include="source\CollisionOBB.cpp">
      <Filter>ソース ファイル\Object\Collision</Filter>
    </ClCompile>
    <ClCompile Include="source\CollisionAABB.cpp">
      <Filter>ソース ファイル\Object\Collision</Filter>
    </ClCompile>
    <ClCompile Include="source\CollisionComponent.cpp">
      <Filter>ソース ファイル\Object\Collision</Filter>
    </ClCompile>
    <ClCompile Include="source\AttackComponent.cpp">
      <Filter>ソース ファイル\Object\Player\Attack</Filter>
    </ClCompile>
    <ClCompile Include="source\StageComponent.cpp">
      <Filter>ソース ファイル\Stage</Filter>
    </ClCompile>
    <ClCompile Include="source\GaugeEnemy.cpp">
      <Filter>ソース ファイル\Gauge</Filter>
    </ClCompile>
    <ClCompile Include="source\EnemyBase.cpp">
      <Filter>ソース ファイル\Enemy</Filter>
    </ClCompile>
    <ClCompile Include="source\EnemyWheel.cpp">
      <Filter>ソース ファイル\Enemy</Filter>
    </ClCompile>
    <ClCompile Include="source\ModelAnimComponent.cpp">
      <Filter>ソース ファイル\ModelAnim</Filter>
    </ClCompile>
    <ClCompile Include="source\ModelAnimInfo.cpp">
      <Filter>ソース ファイル\ModelAnim</Filter>
    </ClCompile>
    <ClCompile Include="source\ModelAnimData.cpp">
      <Filter>ソース ファイル\ModelAnim</Filter>
    </ClCompile>
    <ClCompile Include="source\PrimitiveBase.cpp">
      <Filter>ソース ファイル\Primitive</Filter>
    </ClCompile>
    <ClCompile Include="source\PrimitivePlane.cpp">
      <Filter>ソース ファイル\Primitive</Filter>
    </ClCompile>
    <ClCompile Include="source\InteriorBase.cpp">
      <Filter>ソース ファイル\Object\Interior</Filter>
    </ClCompile>
    <ClCompile Include="source\SkySphere.cpp">
      <Filter>ソース ファイル\Object</Filter>
    </ClCompile>
    <ClCompile Include="source\Studio.cpp">
      <Filter>ソース ファイル\Stage</Filter>
    </ClCompile>
    <ClCompile Include="source\ModeAMG.cpp">
      <Filter>ソース ファイル\Mode</Filter>
    </ClCompile>
    <ClCompile Include="source\ModeCredit.cpp">
      <Filter>ソース ファイル\Mode</Filter>
    </ClCompile>
    <ClCompile Include="source\ModeGameOver.cpp">
      <Filter>ソース ファイル\Mode</Filter>
    </ClCompile>
    <ClCompile Include="source\ModePause.cpp">
      <Filter>ソース ファイル\Mode</Filter>
    </ClCompile>
    <ClCompile Include="source\ModeResult.cpp">
      <Filter>ソース ファイル\Mode</Filter>
    </ClCompile>
    <ClCompile Include="source\ModeTitle.cpp">
      <Filter>ソース ファイル\Mode</Filter>
    </ClCompile>
    <ClCompile Include="source\Camera.cpp">
      <Filter>ソース ファイル\Camera</Filter>
    </ClCompile>
    <ClCompile Include="source\EffectLoadServer.cpp">
      <Filter>ソース ファイル\Effect</Filter>
    </ClCompile>
    <ClCompile Include="source\DashComponent.cpp">
      <Filter>ソース ファイル\Object\Player\Component</Filter>
    </ClCompile>
    <ClCompile Include="source\InvincibleComponent.cpp">
      <Filter>ソース ファイル\Object\Player\Component</Filter>
    </ClCompile>
    <ClCompile Include="source\JumpComponent.cpp">
      <Filter>ソース ファイル\Object\Player\Component</Filter>
    </ClCompile>
    <ClCompile Include="source\KnockBackComponent.cpp">
      <Filter>ソース ファイル\Object\Player\Component</Filter>
    </ClCompile>
    <ClCompile Include="source\MoveComponent.cpp">
      <Filter>ソース ファイル\Object\Player\Component</Filter>
    </ClCompile>
    <ClCompile Include="source\ObjectComponent.cpp">
      <Filter>ソース ファイル\Object\Player\Component</Filter>
    </ClCompile>
    <ClCompile Include="source\StateComponent.cpp">
      <Filter>ソース ファイル\Object\Player\Component</Filter>
    </ClCompile>
    <ClCompile Include="source\WireComponent.cpp">
      <Filter>ソース ファイル\Object\Player\Component</Filter>
    </ClCompile>
    <ClCompile Include="source\Light.cpp">
      <Filter>ソース ファイル\Light</Filter>
    </ClCompile>
    <ClCompile Include="source\Shadow.cpp">
      <Filter>ソース ファイル\Shadow</Filter>
    </ClCompile>
    <ClCompile Include="source\StageTransition.cpp">
      <Filter>ソース ファイル\Stage</Filter>
    </ClCompile>
    <ClCompile Include="source\EnemyDrone.cpp">
      <Filter>ソース ファイル\Enemy</Filter>
    </ClCompile>
    <ClCompile Include="source\EffectPlayerHit.cpp">
      <Filter>ソース ファイル\Effect\Player</Filter>
    </ClCompile>
    <ClCompile Include="source\EffectPlayerJump.cpp">
      <Filter>ソース ファイル\Effect\Player</Filter>
    </ClCompile>
    <ClCompile Include="source\EffectStageBarrier.cpp">
      <Filter>ソース ファイル\Effect\Stage</Filter>
    </ClCompile>
    <ClCompile Include="source\EffectStageBoxDestroy.cpp">
      <Filter>ソース ファイル\Effect\Stage</Filter>
    </ClCompile>
    <ClCompile Include="source\EffectEnemyExprosion.cpp">
      <Filter>ソース ファイル\Effect\Enemy</Filter>
    </ClCompile>
    <ClCompile Include="source\EffectEnemyEyeLight.cpp">
      <Filter>ソース ファイル\Effect\Enemy</Filter>
    </ClCompile>
    <ClCompile Include="source\EffectEnemyGroundAttack1.cpp">
      <Filter>ソース ファイル\Effect\Enemy</Filter>
    </ClCompile>
    <ClCompile Include="source\EffectEnemyHit.cpp">
      <Filter>ソース ファイル\Effect\Enemy</Filter>
    </ClCompile>
    <ClCompile Include="source\EffectBase.cpp">
      <Filter>ソース ファイル\Effect</Filter>
    </ClCompile>
    <ClCompile Include="source\EffectServer.cpp">
      <Filter>ソース ファイル\Effect</Filter>
    </ClCompile>
    <ClCompile Include="source\EnemyDroneBoss.cpp">
      <Filter>ソース ファイル\Enemy</Filter>
    </ClCompile>
    <ClCompile Include="source\EnemyWheelBoss.cpp">
      <Filter>ソース ファイル\Enemy</Filter>
    </ClCompile>
    <ClCompile Include="source\EffectPlayerAirHeavyAttack1.cpp">
      <Filter>ソース ファイル\Effect\Player\AirHeavyAttack</Filter>
    </ClCompile>
    <ClCompile Include="source\EffectPlayerAirHeavyAttack2.cpp">
      <Filter>ソース ファイル\Effect\Player\AirHeavyAttack</Filter>
    </ClCompile>
    <ClCompile Include="source\EffectPlayerAirWeakAttack1.cpp">
      <Filter>ソース ファイル\Effect\Player\AirWeakAttack</Filter>
    </ClCompile>
    <ClCompile Include="source\EffectPlayerAirWeakAttack2.cpp">
      <Filter>ソース ファイル\Effect\Player\AirWeakAttack</Filter>
    </ClCompile>
    <ClCompile Include="source\EffectPlayerAirWeakAttack3.cpp">
      <Filter>ソース ファイル\Effect\Player\AirWeakAttack</Filter>
    </ClCompile>
    <ClCompile Include="source\EffectPlayerHeavyAttack1.cpp">
      <Filter>ソース ファイル\Effect\Player\HeavyAttack</Filter>
    </ClCompile>
    <ClCompile Include="source\EffectPlayerHeavyAttack2.cpp">
      <Filter>ソース ファイル\Effect\Player\HeavyAttack</Filter>
    </ClCompile>
    <ClCompile Include="source\EffectPlayerHeavyAttack3.cpp">
      <Filter>ソース ファイル\Effect\Player\HeavyAttack</Filter>
    </ClCompile>
    <ClCompile Include="source\EffectPlayerUltActivate.cpp">
      <Filter>ソース ファイル\Effect\Player\Ult</Filter>
    </ClCompile>
    <ClCompile Include="source\EffectPlayerUltSlash.cpp">
      <Filter>ソース ファイル\Effect\Player\Ult</Filter>
    </ClCompile>
    <ClCompile Include="source\EffectPlayerWeakAttack1.cpp">
      <Filter>ソース ファイル\Effect\Player\WeakAttack</Filter>
    </ClCompile>
    <ClCompile Include="source\EffectPlayerWeakAttack2.cpp">
      <Filter>ソース ファイル\Effect\Player\WeakAttack</Filter>
    </ClCompile>
    <ClCompile Include="source\EffectPlayerWeakAttack3.cpp">
      <Filter>ソース ファイル\Effect\Player\WeakAttack</Filter>
    </ClCompile>
    <ClCompile Include="source\EffectPlayerWeakAttackEX.cpp">
      <Filter>ソース ファイル\Effect\Player\WeakAttack</Filter>
    </ClCompile>
    <ClCompile Include="source\EffectEnemyBossExprosion.cpp">
      <Filter>ソース ファイル\Effect\Enemy\Boss</Filter>
    </ClCompile>
    <ClCompile Include="source\EffectEnemyBossEyeLight.cpp">
      <Filter>ソース ファイル\Effect\Enemy\Boss</Filter>
    </ClCompile>
    <ClCompile Include="source\EffectEnemyBossGroundAttack1.cpp">
      <Filter>ソース ファイル\Effect\Enemy\Boss</Filter>
    </ClCompile>
    <ClCompile Include="source\EffectEnemyBossHit.cpp">
      <Filter>ソース ファイル\Effect\Enemy\Boss</Filter>
    </ClCompile>
    <ClCompile Include="source\EffectEnemyAirAttack.cpp">
      <Filter>ソース ファイル\Effect\Enemy</Filter>
    </ClCompile>
    <ClCompile Include="source\EffectEnemyBossAirAttack.cpp">
      <Filter>ソース ファイル\Effect\Enemy\Boss</Filter>
    </ClCompile>
    <ClCompile Include="source\EffectEnemyGroundAttack2.cpp">
      <Filter>ソース ファイル\Effect\Enemy</Filter>
    </ClCompile>
    <ClCompile Include="source\EffectEnemyBossGroundAttack2.cpp">
      <Filter>ソース ファイル\Effect\Enemy\Boss</Filter>
    </ClCompile>
    <ClCompile Include="source\ModeLoading.cpp">
      <Filter>ソース ファイル\Mode</Filter>
    </ClCompile>
    <ClCompile Include="source\HealBox.cpp">
      <Filter>ソース ファイル\Object</Filter>
    </ClCompile>
    <ClCompile Include="source\EffectPlayerAvoidance.cpp">
      <Filter>ソース ファイル\Effect\Player</Filter>
    </ClCompile>
    <ClCompile Include="source\EffectPlayerDash.cpp">
      <Filter>ソース ファイル\Effect\Player</Filter>
    </ClCompile>
    <ClCompile Include="source\EffectPlayerLanding.cpp">
      <Filter>ソース ファイル\Effect\Player</Filter>
    </ClCompile>
    <ClCompile Include="source\EffectStageHeal.cpp">
      <Filter>ソース ファイル\Effect\Stage</Filter>
    </ClCompile>
    <ClCompile Include="source\Box.cpp">
      <Filter>ソース ファイル\Object</Filter>
    </ClCompile>
    <ClCompile Include="source\WirePoint.cpp">
      <Filter>ソース ファイル\Object</Filter>
    </ClCompile>
    <ClCompile Include="source\Player.cpp">
      <Filter>ヘッダー ファイル\Effect\Player</Filter>
    </ClCompile>
    <ClCompile Include="source\SpawnItem.cpp">
      <Filter>ソース ファイル\Object\Spawn</Filter>
    </ClCompile>
  </ItemGroup>
  <ItemGroup>
    <ClInclude Include="source\ApplicationMain.h">
      <Filter>ヘッダー ファイル\Application</Filter>
    </ClInclude>
    <ClInclude Include="source\ScoreBase.h">
      <Filter>ヘッダー ファイル\Score</Filter>
    </ClInclude>
    <ClInclude Include="source\ScoreServer.h">
      <Filter>ヘッダー ファイル\Score</Filter>
    </ClInclude>
    <ClInclude Include="source\ScoreSystem.h">
      <Filter>ヘッダー ファイル\Score</Filter>
    </ClInclude>
    <ClInclude Include="source\ScoreBonus.h">
      <Filter>ヘッダー ファイル\Score</Filter>
    </ClInclude>
    <ClInclude Include="source\ObjectBase.h">
      <Filter>ヘッダー ファイル\Object</Filter>
    </ClInclude>
    <ClInclude Include="source\UtilityDX.h">
      <Filter>ヘッダー ファイル\Application</Filter>
    </ClInclude>
    <ClInclude Include="source\Player.h">
      <Filter>ヘッダー ファイル\Object</Filter>
    </ClInclude>
    <ClInclude Include="source\ObjectServer.h">
      <Filter>ヘッダー ファイル\Object</Filter>
    </ClInclude>
    <ClInclude Include="source\GaugeBase.h">
      <Filter>ヘッダー ファイル\Gauge</Filter>
    </ClInclude>
    <ClInclude Include="source\GaugeHP.h">
      <Filter>ヘッダー ファイル\Gauge</Filter>
    </ClInclude>
    <ClInclude Include="source\GaugeTrick.h">
      <Filter>ヘッダー ファイル\Gauge</Filter>
    </ClInclude>
    <ClInclude Include="source\SpawnBase.h">
      <Filter>ヘッダー ファイル\Object\Spawn</Filter>
    </ClInclude>
    <ClInclude Include="source\SpawnServer.h">
      <Filter>ヘッダー ファイル\Object\Spawn</Filter>
    </ClInclude>
    <ClInclude Include="source\SpawnEnemy.h">
      <Filter>ヘッダー ファイル\Object\Spawn</Filter>
    </ClInclude>
    <ClInclude Include="source\CollisionBase.h">
      <Filter>ヘッダー ファイル\Object\Collision</Filter>
    </ClInclude>
    <ClInclude Include="source\CollisionCapsule.h">
      <Filter>ヘッダー ファイル\Object\Collision</Filter>
    </ClInclude>
    <ClInclude Include="source\CollisionSphere.h">
      <Filter>ヘッダー ファイル\Object\Collision</Filter>
    </ClInclude>
    <ClInclude Include="source\CollisionOBB.h">
      <Filter>ヘッダー ファイル\Object\Collision</Filter>
    </ClInclude>
    <ClInclude Include="source\CollisionAABB.h">
      <Filter>ヘッダー ファイル\Object\Collision</Filter>
    </ClInclude>
    <ClInclude Include="source\CollisionComponent.h">
      <Filter>ヘッダー ファイル\Object\Collision</Filter>
    </ClInclude>
    <ClInclude Include="source\AttackComponent.h">
      <Filter>ヘッダー ファイル\Object\Player\Attack</Filter>
    </ClInclude>
    <ClInclude Include="source\StageComponent.h">
      <Filter>ヘッダー ファイル\Stage</Filter>
    </ClInclude>
    <ClInclude Include="source\StageData.h">
      <Filter>ヘッダー ファイル\Stage</Filter>
    </ClInclude>
    <ClInclude Include="source\GaugeEnemy.h">
      <Filter>ヘッダー ファイル\Gauge</Filter>
    </ClInclude>
    <ClInclude Include="source\EnemyBase.h">
      <Filter>ヘッダー ファイル\Enemy</Filter>
    </ClInclude>
    <ClInclude Include="source\EnemyWheel.h">
      <Filter>ヘッダー ファイル\Enemy</Filter>
    </ClInclude>
    <ClInclude Include="source\ModelAnimComponent.h">
      <Filter>ヘッダー ファイル\ModelAnim</Filter>
    </ClInclude>
    <ClInclude Include="source\ModelAnimInfo.h">
      <Filter>ヘッダー ファイル\ModelAnim</Filter>
    </ClInclude>
    <ClInclude Include="source\ModelAnimData.h">
      <Filter>ヘッダー ファイル\ModelAnim</Filter>
    </ClInclude>
    <ClInclude Include="source\PrimitiveBase.h">
      <Filter>ヘッダー ファイル\Primitive</Filter>
    </ClInclude>
    <ClInclude Include="source\PrimitivePlane.h">
      <Filter>ヘッダー ファイル\Primitive</Filter>
    </ClInclude>
    <ClInclude Include="source\InteriorBase.h">
      <Filter>ヘッダー ファイル\Object\Interior</Filter>
    </ClInclude>
    <ClInclude Include="source\SkySphere.h">
      <Filter>ヘッダー ファイル\Object</Filter>
    </ClInclude>
    <ClInclude Include="source\Studio.h">
      <Filter>ヘッダー ファイル\Stage</Filter>
    </ClInclude>
    <ClInclude Include="source\ModeTitle.h">
      <Filter>ヘッダー ファイル\Mode</Filter>
    </ClInclude>
    <ClInclude Include="source\ModeAMG.h">
      <Filter>ヘッダー ファイル\Mode</Filter>
    </ClInclude>
    <ClInclude Include="source\ModeCredit.h">
      <Filter>ヘッダー ファイル\Mode</Filter>
    </ClInclude>
    <ClInclude Include="source\ModeGameOver.h">
      <Filter>ヘッダー ファイル\Mode</Filter>
    </ClInclude>
    <ClInclude Include="source\ModePause.h">
      <Filter>ヘッダー ファイル\Mode</Filter>
    </ClInclude>
    <ClInclude Include="source\ModeResult.h">
      <Filter>ヘッダー ファイル\Mode</Filter>
    </ClInclude>
    <ClInclude Include="source\Camera.h">
      <Filter>ヘッダー ファイル\Camera</Filter>
    </ClInclude>
    <ClInclude Include="source\EffectLoadServer.h">
      <Filter>ヘッダー ファイル\Effect</Filter>
    </ClInclude>
    <ClInclude Include="source\ModeGame.h">
      <Filter>ヘッダー ファイル\Mode</Filter>
    </ClInclude>
    <ClInclude Include="source\JumpComponent.h">
      <Filter>ヘッダー ファイル\Object\Player\Component</Filter>
    </ClInclude>
    <ClInclude Include="source\DashComponent.h">
      <Filter>ヘッダー ファイル\Object\Player\Component</Filter>
    </ClInclude>
    <ClInclude Include="source\InvincibleComponent.h">
      <Filter>ヘッダー ファイル\Object\Player\Component</Filter>
    </ClInclude>
    <ClInclude Include="source\KnockBackComponent.h">
      <Filter>ヘッダー ファイル\Object\Player\Component</Filter>
    </ClInclude>
    <ClInclude Include="source\MoveComponent.h">
      <Filter>ヘッダー ファイル\Object\Player\Component</Filter>
    </ClInclude>
    <ClInclude Include="source\ObjectComponent.h">
      <Filter>ヘッダー ファイル\Object\Player\Component</Filter>
    </ClInclude>
    <ClInclude Include="source\StateComponent.h">
      <Filter>ヘッダー ファイル\Object\Player\Component</Filter>
    </ClInclude>
    <ClInclude Include="source\WireComponent.h">
      <Filter>ヘッダー ファイル\Object\Player\Component</Filter>
    </ClInclude>
    <ClInclude Include="source\Light.h">
      <Filter>ヘッダー ファイル\Light</Filter>
    </ClInclude>
    <ClInclude Include="source\Shadow.h">
      <Filter>ヘッダー ファイル\Shadow</Filter>
    </ClInclude>
    <ClInclude Include="source\ModeGame.h">
      <Filter>ヘッダー ファイル\Mode</Filter>
    </ClInclude>
    <ClInclude Include="source\StageTransition.h">
      <Filter>ヘッダー ファイル\Stage</Filter>
    </ClInclude>
    <ClInclude Include="source\EnemyDrone.h">
      <Filter>ヘッダー ファイル\Enemy</Filter>
    </ClInclude>
    <ClInclude Include="source\EffectBase.h">
      <Filter>ヘッダー ファイル\Effect</Filter>
    </ClInclude>
    <ClInclude Include="source\EffectServer.h">
      <Filter>ヘッダー ファイル\Effect</Filter>
    </ClInclude>
    <ClInclude Include="source\EffectEnemyExprosion.h">
      <Filter>ヘッダー ファイル\Effect\Enemy</Filter>
    </ClInclude>
    <ClInclude Include="source\EffectEnemyEyeLight.h">
      <Filter>ヘッダー ファイル\Effect\Enemy</Filter>
    </ClInclude>
    <ClInclude Include="source\EffectEnemyGroundAttack1.h">
      <Filter>ヘッダー ファイル\Effect\Enemy</Filter>
    </ClInclude>
    <ClInclude Include="source\EffectEnemyHit.h">
      <Filter>ヘッダー ファイル\Effect\Enemy</Filter>
    </ClInclude>
    <ClInclude Include="source\EffectStageBarrier.h">
      <Filter>ヘッダー ファイル\Effect\Stage</Filter>
    </ClInclude>
    <ClInclude Include="source\EffectStageBoxDestroy.h">
      <Filter>ヘッダー ファイル\Effect\Stage</Filter>
    </ClInclude>
    <ClInclude Include="source\EffectPlayerHit.h">
      <Filter>ヘッダー ファイル\Effect\Player</Filter>
    </ClInclude>
    <ClInclude Include="source\EffectPlayerJump.h">
      <Filter>ヘッダー ファイル\Effect\Player</Filter>
    </ClInclude>
    <ClInclude Include="source\EnemyDroneBoss.h">
      <Filter>ヘッダー ファイル\Enemy</Filter>
    </ClInclude>
    <ClInclude Include="source\EnemyWheelBoss.h">
      <Filter>ヘッダー ファイル\Enemy</Filter>
    </ClInclude>
    <ClInclude Include="source\EffectPlayerAirHeavyAttack1.h">
      <Filter>ヘッダー ファイル\Effect\Player\AirHeavyAttack</Filter>
    </ClInclude>
    <ClInclude Include="source\EffectPlayerAirHeavyAttack2.h">
      <Filter>ヘッダー ファイル\Effect\Player\AirHeavyAttack</Filter>
    </ClInclude>
    <ClInclude Include="source\EffectPlayerAirWeakAttack1.h">
      <Filter>ヘッダー ファイル\Effect\Player\AirWeakAttack</Filter>
    </ClInclude>
    <ClInclude Include="source\EffectPlayerAirWeakAttack2.h">
      <Filter>ヘッダー ファイル\Effect\Player\AirWeakAttack</Filter>
    </ClInclude>
    <ClInclude Include="source\EffectPlayerAirWeakAttack3.h">
      <Filter>ヘッダー ファイル\Effect\Player\AirWeakAttack</Filter>
    </ClInclude>
    <ClInclude Include="source\EffectPlayerHeavyAttack1.h">
      <Filter>ヘッダー ファイル\Effect\Player\HeavyAttack</Filter>
    </ClInclude>
    <ClInclude Include="source\EffectPlayerHeavyAttack2.h">
      <Filter>ヘッダー ファイル\Effect\Player\HeavyAttack</Filter>
    </ClInclude>
    <ClInclude Include="source\EffectPlayerHeavyAttack3.h">
      <Filter>ヘッダー ファイル\Effect\Player\HeavyAttack</Filter>
    </ClInclude>
    <ClInclude Include="source\EffectPlayerUltActivate.h">
      <Filter>ヘッダー ファイル\Effect\Player\Ult</Filter>
    </ClInclude>
    <ClInclude Include="source\EffectPlayerUltSlash.h">
      <Filter>ヘッダー ファイル\Effect\Player\Ult</Filter>
    </ClInclude>
    <ClInclude Include="source\EffectPlayerWeakAttack1.h">
      <Filter>ヘッダー ファイル\Effect\Player\WeakAttack</Filter>
    </ClInclude>
    <ClInclude Include="source\EffectPlayerWeakAttack2.h">
      <Filter>ヘッダー ファイル\Effect\Player\WeakAttack</Filter>
    </ClInclude>
    <ClInclude Include="source\EffectPlayerWeakAttack3.h">
      <Filter>ヘッダー ファイル\Effect\Player\WeakAttack</Filter>
    </ClInclude>
    <ClInclude Include="source\EffectPlayerWeakAttackEX.h">
      <Filter>ヘッダー ファイル\Effect\Player\WeakAttack</Filter>
    </ClInclude>
    <ClInclude Include="source\EffectEnemyBossExprosion.h">
      <Filter>ヘッダー ファイル\Effect\Enemy\Boss</Filter>
    </ClInclude>
    <ClInclude Include="source\EffectEnemyBossEyeLight.h">
      <Filter>ヘッダー ファイル\Effect\Enemy\Boss</Filter>
    </ClInclude>
    <ClInclude Include="source\EffectEnemyBossGroundAttack1.h">
      <Filter>ヘッダー ファイル\Effect\Enemy\Boss</Filter>
    </ClInclude>
    <ClInclude Include="source\EffectEnemyBossHit.h">
      <Filter>ヘッダー ファイル\Effect\Enemy\Boss</Filter>
    </ClInclude>
    <ClInclude Include="source\EffectEnemyAirAttack.h">
      <Filter>ヘッダー ファイル\Effect\Enemy</Filter>
    </ClInclude>
    <ClInclude Include="source\EffectEnemyBossAirAttack.h">
      <Filter>ヘッダー ファイル\Effect\Enemy\Boss</Filter>
    </ClInclude>
    <ClInclude Include="source\EffectEnemyGroundAttack2.h">
      <Filter>ヘッダー ファイル\Effect\Enemy</Filter>
    </ClInclude>
    <ClInclude Include="source\EffectEnemyBossGroundAttack2.h">
      <Filter>ヘッダー ファイル\Effect\Enemy\Boss</Filter>
    </ClInclude>
    <ClInclude Include="source\ModeLoading.h">
      <Filter>ヘッダー ファイル\Mode</Filter>
    </ClInclude>
    <ClInclude Include="source\EffectPlayerAvoidance.h">
      <Filter>ヘッダー ファイル\Effect\Player</Filter>
    </ClInclude>
    <ClInclude Include="source\EffectPlayerDash.h">
      <Filter>ヘッダー ファイル\Effect\Player</Filter>
    </ClInclude>
    <ClInclude Include="source\EffectPlayerLanding.h">
      <Filter>ヘッダー ファイル\Effect\Player</Filter>
    </ClInclude>
    <ClInclude Include="source\EffectStageHeal.h">
      <Filter>ヘッダー ファイル\Effect\Stage</Filter>
    </ClInclude>
    <ClInclude Include="source\SpawnItem.h">
      <Filter>ヘッダー ファイル\Object\Spawn</Filter>
    </ClInclude>
    <ClInclude Include="source\Box.h">
      <Filter>ヘッダー ファイル\Object\Wire</Filter>
    </ClInclude>
    <ClInclude Include="source\HealBox.h">
      <Filter>ヘッダー ファイル\Object\Wire</Filter>
    </ClInclude>
    <ClInclude Include="source\WirePoint.h">
      <Filter>ヘッダー ファイル\Object\Wire</Filter>
    </ClInclude>
  </ItemGroup>
  <ItemGroup>
    <None Include="packages.config" />
  </ItemGroup>
</Project>