<?xml version="1.0" encoding="utf-8"?>
<Project ToolsVersion="4.0" xmlns="http://schemas.microsoft.com/developer/msbuild/2003">
  <ItemGroup>
    <Filter Include="ソース ファイル">
      <UniqueIdentifier>{4FC737F1-C7A5-4376-A066-2A32D752A2FF}</UniqueIdentifier>
      <Extensions>cpp;c;cc;cxx;c++;cppm;ixx;def;odl;idl;hpj;bat;asm;asmx</Extensions>
    </Filter>
    <Filter Include="ヘッダー ファイル">
      <UniqueIdentifier>{93995380-89BD-4b04-88EB-625FBE52EBFB}</UniqueIdentifier>
      <Extensions>h;hh;hpp;hxx;h++;hm;inl;inc;ipp;xsd</Extensions>
    </Filter>
    <Filter Include="ソース ファイル\Application">
      <UniqueIdentifier>{135a9d3a-e535-484a-9214-cafdb71ad97a}</UniqueIdentifier>
    </Filter>
    <Filter Include="ヘッダー ファイル\Application">
      <UniqueIdentifier>{85fecbe9-66b6-43e7-9947-f0e896936592}</UniqueIdentifier>
    </Filter>
    <Filter Include="ソース ファイル\Mode">
      <UniqueIdentifier>{51ba210e-3416-41f5-bf89-abe9dbc13a30}</UniqueIdentifier>
    </Filter>
    <Filter Include="ヘッダー ファイル\Mode">
      <UniqueIdentifier>{4d1bb407-2add-4696-aabb-dca839e6480b}</UniqueIdentifier>
    </Filter>
    <Filter Include="ソース ファイル\Score">
      <UniqueIdentifier>{9a2b84b9-b1d5-4111-b0c9-c95182dd0f59}</UniqueIdentifier>
    </Filter>
    <Filter Include="ヘッダー ファイル\Score">
      <UniqueIdentifier>{b2eb4cde-cf0b-4cfd-8249-7fd667665cb6}</UniqueIdentifier>
    </Filter>
    <Filter Include="ソース ファイル\Object">
      <UniqueIdentifier>{9e1ce7c4-e4d7-4d5f-9afd-940ba74a941a}</UniqueIdentifier>
    </Filter>
    <Filter Include="ヘッダー ファイル\Object">
      <UniqueIdentifier>{9cc7ae8e-3db1-4639-b930-e78ef0cdf180}</UniqueIdentifier>
    </Filter>
    <Filter Include="ソース ファイル\Utility">
      <UniqueIdentifier>{2da0621c-a024-47dc-8938-66430bc456c1}</UniqueIdentifier>
    </Filter>
    <Filter Include="ヘッダー ファイル\Utility">
      <UniqueIdentifier>{51563eb1-c42b-46a5-91e9-415ae64f90f7}</UniqueIdentifier>
    </Filter>
    <Filter Include="ヘッダー ファイル\ModelAnim">
      <UniqueIdentifier>{31d9f7da-f792-4fc4-a84a-d28fccf2674c}</UniqueIdentifier>
    </Filter>
    <Filter Include="ソース ファイル\ModelAnim">
      <UniqueIdentifier>{19d899ce-78e5-46e3-ae90-413fb29a37b5}</UniqueIdentifier>
    </Filter>
    <Filter Include="ヘッダー ファイル\Enemy">
      <UniqueIdentifier>{fd7e038f-525a-4c70-83d7-c51489c88fa4}</UniqueIdentifier>
    </Filter>
    <Filter Include="ソース ファイル\Enemy">
      <UniqueIdentifier>{e1696e89-7a5d-4f05-906e-8164078c2bc4}</UniqueIdentifier>
    </Filter>
    <Filter Include="ヘッダー ファイル\Effect">
      <UniqueIdentifier>{1c1edf5a-b91f-4ddb-b9c5-ee088b719bd4}</UniqueIdentifier>
    </Filter>
    <Filter Include="ソース ファイル\Effect">
      <UniqueIdentifier>{66406a47-7fbe-4134-a460-9ef23310ff5a}</UniqueIdentifier>
    </Filter>
    <Filter Include="ソース ファイル\Gauge">
      <UniqueIdentifier>{7627c399-50f3-44e0-a28c-ba77eb72cf50}</UniqueIdentifier>
    </Filter>
    <Filter Include="ヘッダー ファイル\Gauge">
      <UniqueIdentifier>{af9b6bd6-cd7f-4e7d-8fec-afdd6ca5da9a}</UniqueIdentifier>
    </Filter>
    <Filter Include="ヘッダー ファイル\Object\Spawn">
      <UniqueIdentifier>{f1646211-8a0e-49ed-a586-773192a095d6}</UniqueIdentifier>
    </Filter>
    <Filter Include="ソース ファイル\Object\Spawn">
      <UniqueIdentifier>{94a475f6-a796-4cbb-bd90-b26a15e7b214}</UniqueIdentifier>
    </Filter>
    <Filter Include="ヘッダー ファイル\Object\Collision">
      <UniqueIdentifier>{72674d2d-2ba2-4b61-bd68-0f0237ed10b2}</UniqueIdentifier>
    </Filter>
    <Filter Include="ソース ファイル\Object\Collision">
      <UniqueIdentifier>{e2cdb3d1-df9f-4197-92ea-623e0a2b77cf}</UniqueIdentifier>
    </Filter>
    <Filter Include="ソース ファイル\Object\Player">
      <UniqueIdentifier>{58b09ebf-581b-4a16-b1cd-e97ea164ee8f}</UniqueIdentifier>
    </Filter>
    <Filter Include="ヘッダー ファイル\Object\Player">
      <UniqueIdentifier>{f67a62f6-a940-4c2a-b855-27c2868b1209}</UniqueIdentifier>
    </Filter>
    <Filter Include="ヘッダー ファイル\Object\Wire">
      <UniqueIdentifier>{4ad71435-711a-4844-a3a0-1e0ebcd85ab9}</UniqueIdentifier>
    </Filter>
    <Filter Include="ソース ファイル\Object\Wire">
      <UniqueIdentifier>{b000dd62-374d-45a3-bb0a-98b5fd1ce21b}</UniqueIdentifier>
    </Filter>
    <Filter Include="ヘッダー ファイル\Object\Player\Attack">
      <UniqueIdentifier>{68507ea7-35de-48e3-aeef-b7f3f96be202}</UniqueIdentifier>
    </Filter>
    <Filter Include="ソース ファイル\Object\Player\Attack">
      <UniqueIdentifier>{42ab67ed-e027-4484-85de-c08dac454106}</UniqueIdentifier>
    </Filter>
    <Filter Include="ヘッダー ファイル\Stage">
      <UniqueIdentifier>{94031c45-6068-45f7-946b-f83e3fdfd4fd}</UniqueIdentifier>
    </Filter>
    <Filter Include="ソース ファイル\Stage">
      <UniqueIdentifier>{888bbbb8-cb65-463c-8181-2e8c4e394ec3}</UniqueIdentifier>
    </Filter>
    <Filter Include="ヘッダー ファイル\System">
      <UniqueIdentifier>{7ba65220-ebc4-4178-9151-e229911fb050}</UniqueIdentifier>
    </Filter>
    <Filter Include="ソース ファイル\System">
      <UniqueIdentifier>{c5cd4ae7-9e13-4642-b3f1-94dffe8bc18d}</UniqueIdentifier>
    </Filter>
  </ItemGroup>
  <ItemGroup>
    <ClCompile Include="source\ApplicationMain.cpp">
      <Filter>ソース ファイル\Application</Filter>
    </ClCompile>
    <ClCompile Include="source\ModeGame.cpp">
      <Filter>ソース ファイル\Mode</Filter>
    </ClCompile>
    <ClCompile Include="source\ScoreBase.cpp">
      <Filter>ソース ファイル\Score</Filter>
    </ClCompile>
    <ClCompile Include="source\ScoreServer.cpp">
      <Filter>ソース ファイル\Score</Filter>
    </ClCompile>
    <ClCompile Include="source\ScoreSystem.cpp">
      <Filter>ソース ファイル\Score</Filter>
    </ClCompile>
    <ClCompile Include="source\ScoreBonus.cpp">
      <Filter>ソース ファイル\Score</Filter>
    </ClCompile>
    <ClCompile Include="source\ObjectBase.cpp">
      <Filter>ソース ファイル\Object</Filter>
    </ClCompile>
    <ClCompile Include="source\UtilityDX.cpp">
      <Filter>ソース ファイル\Application</Filter>
    </ClCompile>
    <ClCompile Include="source\PrimitiveBase.cpp">
      <Filter>ソース ファイル</Filter>
    </ClCompile>
    <ClCompile Include="source\PrimitivePlane.cpp">
      <Filter>ソース ファイル</Filter>
    </ClCompile>
    <ClCompile Include="source\Player.cpp">
      <Filter>ソース ファイル\Object</Filter>
    </ClCompile>
    <ClCompile Include="source\ObjectServer.cpp">
      <Filter>ソース ファイル\Object</Filter>
    </ClCompile>
    <ClCompile Include="source\Camera.cpp">
      <Filter>ソース ファイル</Filter>
    </ClCompile>
    <ClCompile Include="source\GaugeBase.cpp">
      <Filter>ソース ファイル\Gauge</Filter>
    </ClCompile>
    <ClCompile Include="source\GaugeHP.cpp">
      <Filter>ソース ファイル\Gauge</Filter>
    </ClCompile>
    <ClCompile Include="source\GaugeServer.cpp">
      <Filter>ソース ファイル\Gauge</Filter>
    </ClCompile>
    <ClCompile Include="source\GaugeTrick.cpp">
      <Filter>ソース ファイル\Gauge</Filter>
    </ClCompile>
    <ClCompile Include="source\SpawnBase.cpp">
      <Filter>ソース ファイル\Object\Spawn</Filter>
    </ClCompile>
    <ClCompile Include="source\SpawnServer.cpp">
      <Filter>ソース ファイル\Object\Spawn</Filter>
    </ClCompile>
    <ClCompile Include="source\SpawnEnemy.cpp">
      <Filter>ソース ファイル\Object\Spawn</Filter>
    </ClCompile>
    <ClCompile Include="source\CollisionBase.cpp">
      <Filter>ソース ファイル\Object\Collision</Filter>
    </ClCompile>
    <ClCompile Include="source\CollisionCapsule.cpp">
      <Filter>ソース ファイル\Object\Collision</Filter>
    </ClCompile>
    <ClCompile Include="source\CollisionSphere.cpp">
      <Filter>ソース ファイル\Object\Collision</Filter>
    </ClCompile>
    <ClCompile Include="source\CollisionOBB.cpp">
      <Filter>ソース ファイル\Object\Collision</Filter>
    </ClCompile>
    <ClCompile Include="source\CollisionAABB.cpp">
      <Filter>ソース ファイル\Object\Collision</Filter>
    </ClCompile>
    <ClCompile Include="source\CollisionComponent.cpp">
      <Filter>ソース ファイル\Object\Collision</Filter>
    </ClCompile>
    <ClCompile Include="source\JumpComponent.cpp">
      <Filter>ソース ファイル\Object\Player</Filter>
    </ClCompile>
    <ClCompile Include="source\WireComponent.cpp">
      <Filter>ソース ファイル\Object\Player</Filter>
    </ClCompile>
    <ClCompile Include="source\ObjectComponent.cpp">
      <Filter>ソース ファイル\Object\Player</Filter>
    </ClCompile>
    <ClCompile Include="source\MoveComponent.cpp">
      <Filter>ソース ファイル\Object\Player</Filter>
    </ClCompile>
    <ClCompile Include="source\WirePoint.cpp">
      <Filter>ソース ファイル</Filter>
    </ClCompile>
    <ClCompile Include="source\InvincibleComponent.cpp">
      <Filter>ソース ファイル\Object\Player</Filter>
    </ClCompile>
    <ClCompile Include="source\AttackComponent.cpp">
      <Filter>ソース ファイル\Object\Player\Attack</Filter>
    </ClCompile>
    <ClCompile Include="source\PlayerAttack.cpp">
      <Filter>ソース ファイル\Object\Player\Attack</Filter>
    </ClCompile>
    <ClCompile Include="source\LightAttack1.cpp">
      <Filter>ソース ファイル\Object\Player\Attack</Filter>
    </ClCompile>
    <ClCompile Include="source\StateComponent.cpp">
      <Filter>ソース ファイル\Object\Player</Filter>
    </ClCompile>
    <ClCompile Include="source\PlayerAttackData.cpp">
      <Filter>ソース ファイル\Object\Player</Filter>
    </ClCompile>
    <ClCompile Include="source\StageComponent.cpp">
      <Filter>ソース ファイル\Stage</Filter>
    </ClCompile>
    <ClCompile Include="source\StageBase.cpp">
      <Filter>ソース ファイル\Stage</Filter>
    </ClCompile>
    <ClCompile Include="source\GaugeEnemy.cpp">
      <Filter>ソース ファイル\Gauge</Filter>
    </ClCompile>
    <ClCompile Include="source\EffectComponent.cpp">
      <Filter>ソース ファイル\Effect</Filter>
    </ClCompile>
    <ClCompile Include="source\EffectServer.cpp">
      <Filter>ソース ファイル\Effect</Filter>
    </ClCompile>
    <ClCompile Include="source\EnemyBase.cpp">
      <Filter>ソース ファイル\Enemy</Filter>
    </ClCompile>
    <ClCompile Include="source\EnemyWheel.cpp">
      <Filter>ソース ファイル\Enemy</Filter>
    </ClCompile>
    <ClCompile Include="source\ModelAnimComponent.cpp">
      <Filter>ソース ファイル\ModelAnim</Filter>
    </ClCompile>
    <ClCompile Include="source\ModelAnimInfo.cpp">
      <Filter>ソース ファイル\ModelAnim</Filter>
    </ClCompile>
    <ClCompile Include="source\ModelAnimData.cpp">
      <Filter>ソース ファイル\ModelAnim</Filter>
    </ClCompile>
    <ClCompile Include="source\LoadSystem.cpp">
      <Filter>ソース ファイル\Application</Filter>
    </ClCompile>
  </ItemGroup>
  <ItemGroup>
    <ClInclude Include="source\ApplicationMain.h">
      <Filter>ヘッダー ファイル\Application</Filter>
    </ClInclude>
    <ClInclude Include="source\ModeGame.h">
      <Filter>ヘッダー ファイル\Mode</Filter>
    </ClInclude>
    <ClInclude Include="source\ScoreBase.h">
      <Filter>ヘッダー ファイル\Score</Filter>
    </ClInclude>
    <ClInclude Include="source\ScoreServer.h">
      <Filter>ヘッダー ファイル\Score</Filter>
    </ClInclude>
    <ClInclude Include="source\ScoreSystem.h">
      <Filter>ヘッダー ファイル\Score</Filter>
    </ClInclude>
    <ClInclude Include="source\ScoreBonus.h">
      <Filter>ヘッダー ファイル\Score</Filter>
    </ClInclude>
    <ClInclude Include="source\ObjectBase.h">
      <Filter>ヘッダー ファイル\Object</Filter>
    </ClInclude>
    <ClInclude Include="source\UtilityDX.h">
      <Filter>ヘッダー ファイル\Application</Filter>
    </ClInclude>
    <ClInclude Include="source\PrimitiveBase.h">
      <Filter>ヘッダー ファイル</Filter>
    </ClInclude>
    <ClInclude Include="source\PrimitivePlane.h">
      <Filter>ヘッダー ファイル</Filter>
    </ClInclude>
    <ClInclude Include="source\Player.h">
      <Filter>ヘッダー ファイル\Object</Filter>
    </ClInclude>
    <ClInclude Include="source\ObjectServer.h">
      <Filter>ヘッダー ファイル\Object</Filter>
    </ClInclude>
    <ClInclude Include="source\Camera.h">
      <Filter>ヘッダー ファイル</Filter>
    </ClInclude>
    <ClInclude Include="source\GaugeBase.h">
      <Filter>ヘッダー ファイル\Gauge</Filter>
    </ClInclude>
    <ClInclude Include="source\GaugeHP.h">
      <Filter>ヘッダー ファイル\Gauge</Filter>
    </ClInclude>
    <ClInclude Include="source\GaugeServer.h">
      <Filter>ヘッダー ファイル\Gauge</Filter>
    </ClInclude>
    <ClInclude Include="source\GaugeTrick.h">
      <Filter>ヘッダー ファイル\Gauge</Filter>
    </ClInclude>
    <ClInclude Include="source\SpawnBase.h">
      <Filter>ヘッダー ファイル\Object\Spawn</Filter>
    </ClInclude>
    <ClInclude Include="source\SpawnServer.h">
      <Filter>ヘッダー ファイル\Object\Spawn</Filter>
    </ClInclude>
    <ClInclude Include="source\SpawnEnemy.h">
      <Filter>ヘッダー ファイル\Object\Spawn</Filter>
    </ClInclude>
    <ClInclude Include="source\CollisionBase.h">
      <Filter>ヘッダー ファイル\Object\Collision</Filter>
    </ClInclude>
    <ClInclude Include="source\CollisionCapsule.h">
      <Filter>ヘッダー ファイル\Object\Collision</Filter>
    </ClInclude>
    <ClInclude Include="source\CollisionSphere.h">
      <Filter>ヘッダー ファイル\Object\Collision</Filter>
    </ClInclude>
    <ClInclude Include="source\CollisionOBB.h">
      <Filter>ヘッダー ファイル\Object\Collision</Filter>
    </ClInclude>
    <ClInclude Include="source\CollisionAABB.h">
      <Filter>ヘッダー ファイル\Object\Collision</Filter>
    </ClInclude>
    <ClInclude Include="source\CollisionComponent.h">
      <Filter>ヘッダー ファイル\Object\Collision</Filter>
    </ClInclude>
    <ClInclude Include="source\JumpComponent.h">
      <Filter>ヘッダー ファイル\Object\Player</Filter>
    </ClInclude>
    <ClInclude Include="source\WireComponent.h">
      <Filter>ヘッダー ファイル\Object\Player</Filter>
    </ClInclude>
    <ClInclude Include="source\ObjectComponent.h">
      <Filter>ヘッダー ファイル\Object\Player</Filter>
    </ClInclude>
    <ClInclude Include="source\MoveComponent.h">
      <Filter>ヘッダー ファイル\Object\Player</Filter>
    </ClInclude>
    <ClInclude Include="source\InvincibleComponent.h">
      <Filter>ヘッダー ファイル\Object\Player</Filter>
    </ClInclude>
    <ClInclude Include="source\AttackComponent.h">
      <Filter>ヘッダー ファイル\Object\Player\Attack</Filter>
    </ClInclude>
    <ClInclude Include="source\PlayerAttack.h">
      <Filter>ヘッダー ファイル\Object\Player\Attack</Filter>
    </ClInclude>
    <ClInclude Include="source\PlayerAttackData.h">
      <Filter>ヘッダー ファイル\Object\Player\Attack</Filter>
    </ClInclude>
    <ClInclude Include="source\LightAttack1.h">
      <Filter>ヘッダー ファイル\Object\Player\Attack</Filter>
    </ClInclude>
    <ClInclude Include="source\StateComponent.h">
      <Filter>ヘッダー ファイル\Object\Player</Filter>
    </ClInclude>
    <ClInclude Include="source\WirePoint.h">
      <Filter>ソース ファイル\Object\Player</Filter>
    </ClInclude>
    <ClInclude Include="source\StageBase.h">
      <Filter>ヘッダー ファイル\Stage</Filter>
    </ClInclude>
    <ClInclude Include="source\StageComponent.h">
      <Filter>ヘッダー ファイル\Stage</Filter>
    </ClInclude>
    <ClInclude Include="source\StageData.h">
      <Filter>ヘッダー ファイル\Stage</Filter>
    </ClInclude>
    <ClInclude Include="source\GaugeEnemy.h">
      <Filter>ヘッダー ファイル\Gauge</Filter>
    </ClInclude>
    <ClInclude Include="source\EffectComponent.h">
      <Filter>ヘッダー ファイル\Effect</Filter>
    </ClInclude>
    <ClInclude Include="source\EffectServer.h">
      <Filter>ヘッダー ファイル\Effect</Filter>
    </ClInclude>
    <ClInclude Include="source\EnemyBase.h">
      <Filter>ヘッダー ファイル\Enemy</Filter>
    </ClInclude>
    <ClInclude Include="source\EnemyWheel.h">
      <Filter>ヘッダー ファイル\Enemy</Filter>
    </ClInclude>
    <ClInclude Include="source\ModelAnimComponent.h">
      <Filter>ヘッダー ファイル\ModelAnim</Filter>
    </ClInclude>
    <ClInclude Include="source\ModelAnimInfo.h">
      <Filter>ヘッダー ファイル\ModelAnim</Filter>
    </ClInclude>
    <ClInclude Include="source\ModelAnimData.h">
      <Filter>ヘッダー ファイル\ModelAnim</Filter>
    </ClInclude>
    <ClInclude Include="source\LoadSystem.h">
      <Filter>ヘッダー ファイル\Application</Filter>
    </ClInclude>
  </ItemGroup>
  <ItemGroup>
    <None Include="packages.config" />
  </ItemGroup>
</Project>