<?xml version="1.0" encoding="utf-8"?>
<Project ToolsVersion="4.0" xmlns="http://schemas.microsoft.com/developer/msbuild/2003">
  <ItemGroup>
    <Filter Include="ソース ファイル">
      <UniqueIdentifier>{4FC737F1-C7A5-4376-A066-2A32D752A2FF}</UniqueIdentifier>
      <Extensions>cpp;c;cc;cxx;c++;cppm;ixx;def;odl;idl;hpj;bat;asm;asmx</Extensions>
    </Filter>
    <Filter Include="ヘッダー ファイル">
      <UniqueIdentifier>{93995380-89BD-4b04-88EB-625FBE52EBFB}</UniqueIdentifier>
      <Extensions>h;hh;hpp;hxx;h++;hm;inl;inc;ipp;xsd</Extensions>
    </Filter>
    <Filter Include="リソース ファイル">
      <UniqueIdentifier>{67DA6AB6-F800-4c08-8B7A-83BB121AAD01}</UniqueIdentifier>
      <Extensions>rc;ico;cur;bmp;dlg;rc2;rct;bin;rgs;gif;jpg;jpeg;jpe;resx;tiff;tif;png;wav;mfcribbon-ms</Extensions>
    </Filter>
    <Filter Include="ソース ファイル\Application">
      <UniqueIdentifier>{e643ec05-3a97-4efa-a195-6f27208feb0e}</UniqueIdentifier>
    </Filter>
    <Filter Include="ヘッダー ファイル\Application">
      <UniqueIdentifier>{aa8cb68b-eec4-4187-a636-c832c7763563}</UniqueIdentifier>
    </Filter>
    <Filter Include="ソース ファイル\Data">
      <UniqueIdentifier>{1753b040-7d77-4243-9644-28a7eb8ee641}</UniqueIdentifier>
    </Filter>
    <Filter Include="ヘッダー ファイル\Data">
      <UniqueIdentifier>{c33aea4d-e624-4614-acd4-f844c6c019fb}</UniqueIdentifier>
    </Filter>
    <Filter Include="ソース ファイル\Sound">
      <UniqueIdentifier>{bda4e027-6cf6-48d0-b26c-0c7f061810ef}</UniqueIdentifier>
    </Filter>
    <Filter Include="ヘッダー ファイル\Sound">
      <UniqueIdentifier>{36e7afe7-1199-4d51-8a0b-c21718a43ac9}</UniqueIdentifier>
    </Filter>
    <Filter Include="ソース ファイル\Math">
      <UniqueIdentifier>{fa0b4001-a197-4ecc-b519-bdddf576369b}</UniqueIdentifier>
    </Filter>
    <Filter Include="ヘッダー ファイル\Math">
      <UniqueIdentifier>{55a32628-8a64-4f93-8326-0c34157588cd}</UniqueIdentifier>
    </Filter>
    <Filter Include="ソース ファイル\FileServer">
      <UniqueIdentifier>{e23ac2ba-155f-4738-9daa-2b3a6119d6d4}</UniqueIdentifier>
    </Filter>
    <Filter Include="ヘッダー ファイル\FileServer">
      <UniqueIdentifier>{cd15684c-3c10-404b-af1e-6bda9722e3b6}</UniqueIdentifier>
    </Filter>
    <Filter Include="ヘッダー ファイル\Mode">
      <UniqueIdentifier>{29ca2cb6-a4c3-4bcd-a3c3-cc2c2c20b69d}</UniqueIdentifier>
    </Filter>
    <Filter Include="ソース ファイル\Mode">
      <UniqueIdentifier>{79001127-80ed-4c76-92d8-9aa958d4b75a}</UniqueIdentifier>
    </Filter>
    <Filter Include="ヘッダー ファイル\Server">
      <UniqueIdentifier>{9cb5e190-a979-4503-8508-4faddf07add9}</UniqueIdentifier>
    </Filter>
    <Filter Include="ソース ファイル\Server">
      <UniqueIdentifier>{f361762e-35d3-4026-85ef-f29867131681}</UniqueIdentifier>
    </Filter>
    <Filter Include="ヘッダー ファイル\Resource">
      <UniqueIdentifier>{7277c394-1788-428f-8e75-6fc3a36fa9e9}</UniqueIdentifier>
    </Filter>
    <Filter Include="ソース ファイル\Resource">
      <UniqueIdentifier>{97422259-343a-49f9-b7bb-06c599eedb7d}</UniqueIdentifier>
    </Filter>
    <Filter Include="ソース ファイル\Model">
      <UniqueIdentifier>{09587ca1-c55f-47d8-82d5-6517884cbc8b}</UniqueIdentifier>
    </Filter>
    <Filter Include="ヘッダー ファイル\Model">
      <UniqueIdentifier>{4f3e336f-86be-4093-b91e-085f50bd845f}</UniqueIdentifier>
    </Filter>
  </ItemGroup>
  <ItemGroup>
    <ClInclude Include="source\appframe.h">
      <Filter>ヘッダー ファイル</Filter>
    </ClInclude>
    <ClInclude Include="source\Application\ApplicationBase.h">
      <Filter>ヘッダー ファイル\Application</Filter>
    </ClInclude>
    <ClInclude Include="source\Data\DivGraph.h">
      <Filter>ヘッダー ファイル\Data</Filter>
    </ClInclude>
    <ClInclude Include="source\Application\InputOperation.h">
      <Filter>ヘッダー ファイル\Application</Filter>
    </ClInclude>
    <ClInclude Include="source\Application\XBoxState.h">
      <Filter>ヘッダー ファイル\Application</Filter>
    </ClInclude>
    <ClInclude Include="source\Math\Vector4.h">
      <Filter>ヘッダー ファイル\Math</Filter>
    </ClInclude>
    <ClInclude Include="source\Math\Arithmetic.h">
      <Filter>ヘッダー ファイル\Math</Filter>
    </ClInclude>
    <ClInclude Include="source\Mode\ModeBase.h">
      <Filter>ヘッダー ファイル\Mode</Filter>
    </ClInclude>
    <ClInclude Include="source\Mode\ModeServer.h">
      <Filter>ヘッダー ファイル\Mode</Filter>
    </ClInclude>
    <ClInclude Include="source\Data\Color.h">
      <Filter>ヘッダー ファイル\Data</Filter>
    </ClInclude>
    <ClInclude Include="source\FileServer\FileBase.h">
      <Filter>ヘッダー ファイル\FileServer</Filter>
    </ClInclude>
    <ClInclude Include="source\FileServer\FileOutput.h">
      <Filter>ヘッダー ファイル\FileServer</Filter>
    </ClInclude>
    <ClInclude Include="source\FileServer\FileServer.h">
      <Filter>ヘッダー ファイル\FileServer</Filter>
    </ClInclude>
    <ClInclude Include="source\SoundServer\SoundMem.h">
      <Filter>ヘッダー ファイル\Sound</Filter>
    </ClInclude>
    <ClInclude Include="source\SoundServer\SoundServer.h">
      <Filter>ヘッダー ファイル\Sound</Filter>
    </ClInclude>
    <ClInclude Include="source\FileServer\WriteJson.h">
      <Filter>ヘッダー ファイル\FileServer</Filter>
    </ClInclude>
    <ClInclude Include="source\Math\GravityBase.h">
      <Filter>ヘッダー ファイル\Math</Filter>
    </ClInclude>
    <ClInclude Include="source\Application\InputBase.h">
      <Filter>ヘッダー ファイル\Application</Filter>
    </ClInclude>
    <ClInclude Include="source\Application\MouseState.h">
      <Filter>ヘッダー ファイル\Application</Filter>
    </ClInclude>
    <ClInclude Include="source\Application\KeyboardState.h">
      <Filter>ヘッダー ファイル\Application</Filter>
    </ClInclude>
    <ClInclude Include="source\FileServer\JsonServer.h">
      <Filter>ヘッダー ファイル\FileServer</Filter>
    </ClInclude>
    <ClInclude Include="source\FileServer\LoadJson.h">
      <Filter>ヘッダー ファイル\FileServer</Filter>
    </ClInclude>
    <ClInclude Include="source\Server\ServerBase.h">
      <Filter>ヘッダー ファイル\Server</Filter>
    </ClInclude>
    <ClInclude Include="source\Server\ServerTemplateVector.h">
      <Filter>ヘッダー ファイル\Server</Filter>
    </ClInclude>
    <ClInclude Include="source\Server\ServerTemplateUnordered.h">
      <Filter>ヘッダー ファイル\Server</Filter>
    </ClInclude>
    <ClInclude Include="source\Mode\ModeFade.h">
      <Filter>ヘッダー ファイル\Mode</Filter>
    </ClInclude>
    <ClInclude Include="source\Mode\ModeFadeIn.h">
      <Filter>ヘッダー ファイル\Mode</Filter>
    </ClInclude>
    <ClInclude Include="source\Mode\ModeFadeOut.h">
      <Filter>ヘッダー ファイル\Mode</Filter>
    </ClInclude>
    <ClInclude Include="source\Application\JoypadState.h">
      <Filter>ヘッダー ファイル\Application</Filter>
    </ClInclude>
    <ClInclude Include="source\Math\Utility.h">
      <Filter>ヘッダー ファイル\Math</Filter>
    </ClInclude>
    <ClInclude Include="source\Resource\ResourceServer.h">
      <Filter>ヘッダー ファイル\Resource</Filter>
    </ClInclude>
    <ClInclude Include="source\Data\Singleton.h">
      <Filter>ヘッダー ファイル\Data</Filter>
    </ClInclude>
    <ClInclude Include="source\Model\ModelServer.h">
      <Filter>ヘッダー ファイル\Model</Filter>
    </ClInclude>
    <ClInclude Include="source\Model\ModelData.h">
      <Filter>ヘッダー ファイル\Model</Filter>
    </ClInclude>
    <ClInclude Include="source\Math\Matrix44.h">
      <Filter>ヘッダー ファイル\Math</Filter>
    </ClInclude>
    <ClInclude Include="source\Math\LineSegment.h">
      <Filter>ヘッダー ファイル\Math</Filter>
    </ClInclude>
    <ClInclude Include="source\Math\Plane.h">
      <Filter>ヘッダー ファイル\Math</Filter>
    </ClInclude>
    <ClInclude Include="source\Math\Circle.h">
      <Filter>ヘッダー ファイル\Math</Filter>
    </ClInclude>
    <ClInclude Include="source\SoundServer\SoundComponent.h">
      <Filter>ヘッダー ファイル\Sound</Filter>
    </ClInclude>
  </ItemGroup>
  <ItemGroup>
    <ClCompile Include="source\Application\ApplicationBase.cpp">
      <Filter>ソース ファイル\Application</Filter>
    </ClCompile>
    <ClCompile Include="source\Data\DivGraph.cpp">
      <Filter>ソース ファイル\Data</Filter>
    </ClCompile>
    <ClCompile Include="source\Application\InputOperation.cpp">
      <Filter>ソース ファイル\Application</Filter>
    </ClCompile>
    <ClCompile Include="source\Math\Vector4.cpp">
      <Filter>ソース ファイル\Math</Filter>
    </ClCompile>
    <ClCompile Include="source\Application\XBoxState.cpp">
      <Filter>ソース ファイル\Application</Filter>
    </ClCompile>
    <ClCompile Include="source\Math\Arithmetic.cpp">
      <Filter>ソース ファイル\Math</Filter>
    </ClCompile>
    <ClCompile Include="source\Mode\ModeBase.cpp">
      <Filter>ソース ファイル\Mode</Filter>
    </ClCompile>
    <ClCompile Include="source\Mode\ModeServer.cpp">
      <Filter>ソース ファイル\Mode</Filter>
    </ClCompile>
    <ClCompile Include="source\Data\Color.cpp">
      <Filter>ソース ファイル\Data</Filter>
    </ClCompile>
    <ClCompile Include="source\FileServer\FileBase.cpp">
      <Filter>ソース ファイル\FileServer</Filter>
    </ClCompile>
    <ClCompile Include="source\FileServer\FileOutput.cpp">
      <Filter>ソース ファイル\FileServer</Filter>
    </ClCompile>
    <ClCompile Include="source\FileServer\FileServer.cpp">
      <Filter>ソース ファイル\FileServer</Filter>
    </ClCompile>
    <ClCompile Include="source\FileServer\LoadJson.cpp">
      <Filter>ソース ファイル\FileServer</Filter>
    </ClCompile>
    <ClCompile Include="source\Math\Matrix44.cpp">
      <Filter>ソース ファイル\Math</Filter>
    </ClCompile>
    <ClCompile Include="source\SoundServer\SoundMem.cpp">
      <Filter>ソース ファイル\Sound</Filter>
    </ClCompile>
    <ClCompile Include="source\SoundServer\SoundServer.cpp">
      <Filter>ソース ファイル\Sound</Filter>
    </ClCompile>
    <ClCompile Include="source\FileServer\WriteJson.cpp">
      <Filter>ソース ファイル\FileServer</Filter>
    </ClCompile>
    <ClCompile Include="source\Math\GravityBase.cpp">
      <Filter>ソース ファイル\Math</Filter>
    </ClCompile>
    <ClCompile Include="source\Application\InputBase.cpp">
      <Filter>ソース ファイル\Application</Filter>
    </ClCompile>
    <ClCompile Include="source\Application\MouseState.cpp">
      <Filter>ソース ファイル\Application</Filter>
    </ClCompile>
    <ClCompile Include="source\Application\KeyboardState.cpp">
      <Filter>ソース ファイル\Application</Filter>
    </ClCompile>
    <ClCompile Include="source\FileServer\JsonServer.cpp">
      <Filter>ソース ファイル\FileServer</Filter>
    </ClCompile>
    <ClCompile Include="source\Server\ServerBase.cpp">
      <Filter>ソース ファイル\Server</Filter>
    </ClCompile>
    <ClCompile Include="source\Server\ServerTemplateVector.cpp">
      <Filter>ソース ファイル\Server</Filter>
    </ClCompile>
    <ClCompile Include="source\Server\ServerTemplateUnordered.cpp">
      <Filter>ソース ファイル\Server</Filter>
    </ClCompile>
    <ClCompile Include="source\Application\WinMain.cpp">
      <Filter>ソース ファイル\Application</Filter>
    </ClCompile>
    <ClCompile Include="source\Mode\ModeFade.cpp">
      <Filter>ソース ファイル\Mode</Filter>
    </ClCompile>
    <ClCompile Include="source\Mode\ModeFadeIn.cpp">
      <Filter>ソース ファイル\Mode</Filter>
    </ClCompile>
    <ClCompile Include="source\Mode\ModeFadeOut.cpp">
      <Filter>ソース ファイル\Mode</Filter>
    </ClCompile>
    <ClCompile Include="source\Application\JoypadState.cpp">
      <Filter>ソース ファイル\Application</Filter>
    </ClCompile>
    <ClCompile Include="source\Math\Utility.cpp">
      <Filter>ソース ファイル\Math</Filter>
    </ClCompile>
    <ClCompile Include="source\Resource\ResourceServer.cpp">
      <Filter>ソース ファイル\Resource</Filter>
    </ClCompile>
    <ClCompile Include="source\Model\ModelServer.cpp">
      <Filter>ソース ファイル\Model</Filter>
    </ClCompile>
    <ClCompile Include="source\Model\ModelData.cpp">
      <Filter>ソース ファイル\Model</Filter>
    </ClCompile>
    <ClCompile Include="source\Math\LineSegment.cpp">
      <Filter>ソース ファイル\Math</Filter>
    </ClCompile>
    <ClCompile Include="source\Math\Plane.cpp">
      <Filter>ソース ファイル\Math</Filter>
    </ClCompile>
    <ClCompile Include="source\Math\Circle.cpp">
      <Filter>ソース ファイル\Math</Filter>
    </ClCompile>
    <ClCompile Include="source\SoundServer\SoundComponent.cpp">
      <Filter>ソース ファイル\Sound</Filter>
    </ClCompile>
  </ItemGroup>
  <ItemGroup>
    <None Include="packages.config" />
  </ItemGroup>
</Project>